// !$*UTF8*$!
{
	archiveVersion = 1;
	classes = {
	};
	objectVersion = 55;
	objects = {

/* Begin PBXBuildFile section */
		968595BC28E883B300C80C64 /* AppDelegate.swift in Sources */ = {isa = PBXBuildFile; fileRef = 968595BB28E883B300C80C64 /* AppDelegate.swift */; };
		968595BE28E883B300C80C64 /* SceneDelegate.swift in Sources */ = {isa = PBXBuildFile; fileRef = 968595BD28E883B300C80C64 /* SceneDelegate.swift */; };
		968595C028E883B300C80C64 /* ViewController.swift in Sources */ = {isa = PBXBuildFile; fileRef = 968595BF28E883B300C80C64 /* ViewController.swift */; };
		968595C328E883B300C80C64 /* Main.storyboard in Resources */ = {isa = PBXBuildFile; fileRef = 968595C128E883B300C80C64 /* Main.storyboard */; };
		968595C528E883B600C80C64 /* Assets.xcassets in Resources */ = {isa = PBXBuildFile; fileRef = 968595C428E883B600C80C64 /* Assets.xcassets */; };
		968595C828E883B600C80C64 /* LaunchScreen.storyboard in Resources */ = {isa = PBXBuildFile; fileRef = 968595C628E883B600C80C64 /* LaunchScreen.storyboard */; };
		968595D028E883EB00C80C64 /* AppDependencyContainer.swift in Sources */ = {isa = PBXBuildFile; fileRef = 968595CF28E883EB00C80C64 /* AppDependencyContainer.swift */; };
		968595D328E888C100C80C64 /* Feature1ViewController.swift in Sources */ = {isa = PBXBuildFile; fileRef = 968595D228E888C100C80C64 /* Feature1ViewController.swift */; };
		968595D528E88A1300C80C64 /* Feature1DependencyContainer.swift in Sources */ = {isa = PBXBuildFile; fileRef = 968595D428E88A1300C80C64 /* Feature1DependencyContainer.swift */; };
		968595D828E88ACB00C80C64 /* Feature2DependencyContainer.swift in Sources */ = {isa = PBXBuildFile; fileRef = 968595D728E88ACB00C80C64 /* Feature2DependencyContainer.swift */; };
		968595DA28E88B5900C80C64 /* Feature1ViewModel.swift in Sources */ = {isa = PBXBuildFile; fileRef = 968595D928E88B5900C80C64 /* Feature1ViewModel.swift */; };
		968595DD28E88BAB00C80C64 /* Feature1Service.swift in Sources */ = {isa = PBXBuildFile; fileRef = 968595DC28E88BAB00C80C64 /* Feature1Service.swift */; };
		968595DF28E88CB200C80C64 /* Feature1ServiceImplementation.swift in Sources */ = {isa = PBXBuildFile; fileRef = 968595DE28E88CB200C80C64 /* Feature1ServiceImplementation.swift */; };
		968595E128E8930100C80C64 /* Feature2Service.swift in Sources */ = {isa = PBXBuildFile; fileRef = 968595E028E8930100C80C64 /* Feature2Service.swift */; };
		968595E328E8930C00C80C64 /* Feature2ServiceImplementation.swift in Sources */ = {isa = PBXBuildFile; fileRef = 968595E228E8930C00C80C64 /* Feature2ServiceImplementation.swift */; };
		968595E528E8948700C80C64 /* Feature2ViewController.swift in Sources */ = {isa = PBXBuildFile; fileRef = 968595E428E8948700C80C64 /* Feature2ViewController.swift */; };
		968595E728E8949100C80C64 /* Feature2ViewModel.swift in Sources */ = {isa = PBXBuildFile; fileRef = 968595E628E8949100C80C64 /* Feature2ViewModel.swift */; };
		968595E928E8965C00C80C64 /* Feature1Model.swift in Sources */ = {isa = PBXBuildFile; fileRef = 968595E828E8965C00C80C64 /* Feature1Model.swift */; };
		968595EC28E8983500C80C64 /* Feature2Model.swift in Sources */ = {isa = PBXBuildFile; fileRef = 968595EB28E8983500C80C64 /* Feature2Model.swift */; };
		968595F028E9AB4900C80C64 /* Feature1ServiceModel.swift in Sources */ = {isa = PBXBuildFile; fileRef = 968595EF28E9AB4900C80C64 /* Feature1ServiceModel.swift */; };
		968595F228E9AF9100C80C64 /* Feature2ServiceModel.swift in Sources */ = {isa = PBXBuildFile; fileRef = 968595F128E9AF9100C80C64 /* Feature2ServiceModel.swift */; };
/* End PBXBuildFile section */

/* Begin PBXFileReference section */
		968595B828E883B300C80C64 /* ModularisationStarter.app */ = {isa = PBXFileReference; explicitFileType = wrapper.application; includeInIndex = 0; path = ModularisationStarter.app; sourceTree = BUILT_PRODUCTS_DIR; };
		968595BB28E883B300C80C64 /* AppDelegate.swift */ = {isa = PBXFileReference; lastKnownFileType = sourcecode.swift; path = AppDelegate.swift; sourceTree = "<group>"; };
		968595BD28E883B300C80C64 /* SceneDelegate.swift */ = {isa = PBXFileReference; lastKnownFileType = sourcecode.swift; path = SceneDelegate.swift; sourceTree = "<group>"; };
		968595BF28E883B300C80C64 /* ViewController.swift */ = {isa = PBXFileReference; lastKnownFileType = sourcecode.swift; path = ViewController.swift; sourceTree = "<group>"; };
		968595C228E883B300C80C64 /* Base */ = {isa = PBXFileReference; lastKnownFileType = file.storyboard; name = Base; path = Base.lproj/Main.storyboard; sourceTree = "<group>"; };
		968595C428E883B600C80C64 /* Assets.xcassets */ = {isa = PBXFileReference; lastKnownFileType = folder.assetcatalog; path = Assets.xcassets; sourceTree = "<group>"; };
		968595C728E883B600C80C64 /* Base */ = {isa = PBXFileReference; lastKnownFileType = file.storyboard; name = Base; path = Base.lproj/LaunchScreen.storyboard; sourceTree = "<group>"; };
		968595C928E883B600C80C64 /* Info.plist */ = {isa = PBXFileReference; lastKnownFileType = text.plist.xml; path = Info.plist; sourceTree = "<group>"; };
		968595CF28E883EB00C80C64 /* AppDependencyContainer.swift */ = {isa = PBXFileReference; lastKnownFileType = sourcecode.swift; path = AppDependencyContainer.swift; sourceTree = "<group>"; };
		968595D228E888C100C80C64 /* Feature1ViewController.swift */ = {isa = PBXFileReference; lastKnownFileType = sourcecode.swift; path = Feature1ViewController.swift; sourceTree = "<group>"; };
		968595D428E88A1300C80C64 /* Feature1DependencyContainer.swift */ = {isa = PBXFileReference; lastKnownFileType = sourcecode.swift; path = Feature1DependencyContainer.swift; sourceTree = "<group>"; };
		968595D728E88ACB00C80C64 /* Feature2DependencyContainer.swift */ = {isa = PBXFileReference; lastKnownFileType = sourcecode.swift; path = Feature2DependencyContainer.swift; sourceTree = "<group>"; };
		968595D928E88B5900C80C64 /* Feature1ViewModel.swift */ = {isa = PBXFileReference; lastKnownFileType = sourcecode.swift; path = Feature1ViewModel.swift; sourceTree = "<group>"; };
		968595DC28E88BAB00C80C64 /* Feature1Service.swift */ = {isa = PBXFileReference; lastKnownFileType = sourcecode.swift; path = Feature1Service.swift; sourceTree = "<group>"; };
		968595DE28E88CB200C80C64 /* Feature1ServiceImplementation.swift */ = {isa = PBXFileReference; lastKnownFileType = sourcecode.swift; path = Feature1ServiceImplementation.swift; sourceTree = "<group>"; };
		968595E028E8930100C80C64 /* Feature2Service.swift */ = {isa = PBXFileReference; lastKnownFileType = sourcecode.swift; path = Feature2Service.swift; sourceTree = "<group>"; };
		968595E228E8930C00C80C64 /* Feature2ServiceImplementation.swift */ = {isa = PBXFileReference; lastKnownFileType = sourcecode.swift; path = Feature2ServiceImplementation.swift; sourceTree = "<group>"; };
		968595E428E8948700C80C64 /* Feature2ViewController.swift */ = {isa = PBXFileReference; lastKnownFileType = sourcecode.swift; path = Feature2ViewController.swift; sourceTree = "<group>"; };
		968595E628E8949100C80C64 /* Feature2ViewModel.swift */ = {isa = PBXFileReference; lastKnownFileType = sourcecode.swift; path = Feature2ViewModel.swift; sourceTree = "<group>"; };
		968595E828E8965C00C80C64 /* Feature1Model.swift */ = {isa = PBXFileReference; lastKnownFileType = sourcecode.swift; path = Feature1Model.swift; sourceTree = "<group>"; };
		968595EB28E8983500C80C64 /* Feature2Model.swift */ = {isa = PBXFileReference; lastKnownFileType = sourcecode.swift; path = Feature2Model.swift; sourceTree = "<group>"; };
		968595EF28E9AB4900C80C64 /* Feature1ServiceModel.swift */ = {isa = PBXFileReference; lastKnownFileType = sourcecode.swift; path = Feature1ServiceModel.swift; sourceTree = "<group>"; };
		968595F128E9AF9100C80C64 /* Feature2ServiceModel.swift */ = {isa = PBXFileReference; lastKnownFileType = sourcecode.swift; path = Feature2ServiceModel.swift; sourceTree = "<group>"; };
/* End PBXFileReference section */

/* Begin PBXFrameworksBuildPhase section */
		968595B528E883B300C80C64 /* Frameworks */ = {
			isa = PBXFrameworksBuildPhase;
			buildActionMask = 2147483647;
			files = (
			);
			runOnlyForDeploymentPostprocessing = 0;
		};
/* End PBXFrameworksBuildPhase section */

/* Begin PBXGroup section */
		968595AF28E883B300C80C64 = {
			isa = PBXGroup;
			children = (
				968595BA28E883B300C80C64 /* ModularisationStarter */,
				968595B928E883B300C80C64 /* Products */,
			);
			sourceTree = "<group>";
		};
		968595B928E883B300C80C64 /* Products */ = {
			isa = PBXGroup;
			children = (
				968595B828E883B300C80C64 /* ModularisationStarter.app */,
			);
			name = Products;
			sourceTree = "<group>";
		};
		968595BA28E883B300C80C64 /* ModularisationStarter */ = {
			isa = PBXGroup;
			children = (
				968595EA28E897E100C80C64 /* Models */,
				968595DB28E88B9F00C80C64 /* Services */,
				968595EE28E9A75D00C80C64 /* UI */,
				968595BB28E883B300C80C64 /* AppDelegate.swift */,
				968595BD28E883B300C80C64 /* SceneDelegate.swift */,
				968595BF28E883B300C80C64 /* ViewController.swift */,
				968595CF28E883EB00C80C64 /* AppDependencyContainer.swift */,
				968595C128E883B300C80C64 /* Main.storyboard */,
				968595C428E883B600C80C64 /* Assets.xcassets */,
				968595C628E883B600C80C64 /* LaunchScreen.storyboard */,
				968595C928E883B600C80C64 /* Info.plist */,
			);
			path = ModularisationStarter;
			sourceTree = "<group>";
		};
		968595D128E888A900C80C64 /* Feature1 */ = {
			isa = PBXGroup;
			children = (
				968595D428E88A1300C80C64 /* Feature1DependencyContainer.swift */,
				968595D228E888C100C80C64 /* Feature1ViewController.swift */,
				968595D928E88B5900C80C64 /* Feature1ViewModel.swift */,
			);
			path = Feature1;
			sourceTree = "<group>";
		};
		968595D628E88AB900C80C64 /* Feature2 */ = {
			isa = PBXGroup;
			children = (
				968595D728E88ACB00C80C64 /* Feature2DependencyContainer.swift */,
				968595E428E8948700C80C64 /* Feature2ViewController.swift */,
				968595E628E8949100C80C64 /* Feature2ViewModel.swift */,
			);
			path = Feature2;
			sourceTree = "<group>";
		};
		968595DB28E88B9F00C80C64 /* Services */ = {
			isa = PBXGroup;
			children = (
				968595DC28E88BAB00C80C64 /* Feature1Service.swift */,
				968595DE28E88CB200C80C64 /* Feature1ServiceImplementation.swift */,
				968595EF28E9AB4900C80C64 /* Feature1ServiceModel.swift */,
				968595E028E8930100C80C64 /* Feature2Service.swift */,
				968595E228E8930C00C80C64 /* Feature2ServiceImplementation.swift */,
				968595F128E9AF9100C80C64 /* Feature2ServiceModel.swift */,
			);
			path = Services;
			sourceTree = "<group>";
		};
		968595EA28E897E100C80C64 /* Models */ = {
			isa = PBXGroup;
			children = (
				968595E828E8965C00C80C64 /* Feature1Model.swift */,
				968595EB28E8983500C80C64 /* Feature2Model.swift */,
			);
			path = Models;
			sourceTree = "<group>";
		};
		968595EE28E9A75D00C80C64 /* UI */ = {
			isa = PBXGroup;
			children = (
				968595D128E888A900C80C64 /* Feature1 */,
				968595D628E88AB900C80C64 /* Feature2 */,
			);
			path = UI;
			sourceTree = "<group>";
		};
/* End PBXGroup section */

/* Begin PBXNativeTarget section */
		968595B728E883B300C80C64 /* ModularisationStarter */ = {
			isa = PBXNativeTarget;
			buildConfigurationList = 968595CC28E883B600C80C64 /* Build configuration list for PBXNativeTarget "ModularisationStarter" */;
			buildPhases = (
				968595B428E883B300C80C64 /* Sources */,
				968595B528E883B300C80C64 /* Frameworks */,
				968595B628E883B300C80C64 /* Resources */,
			);
			buildRules = (
			);
			dependencies = (
			);
			name = ModularisationStarter;
			productName = ModularisationStarter;
			productReference = 968595B828E883B300C80C64 /* ModularisationStarter.app */;
			productType = "com.apple.product-type.application";
		};
/* End PBXNativeTarget section */

/* Begin PBXProject section */
		968595B028E883B300C80C64 /* Project object */ = {
			isa = PBXProject;
			attributes = {
				BuildIndependentTargetsInParallel = 1;
				LastSwiftUpdateCheck = 1340;
				LastUpgradeCheck = 1340;
				TargetAttributes = {
					968595B728E883B300C80C64 = {
						CreatedOnToolsVersion = 13.4.1;
					};
				};
			};
			buildConfigurationList = 968595B328E883B300C80C64 /* Build configuration list for PBXProject "ModularisationStarter" */;
			compatibilityVersion = "Xcode 13.0";
			developmentRegion = en;
			hasScannedForEncodings = 0;
			knownRegions = (
				en,
				Base,
			);
			mainGroup = 968595AF28E883B300C80C64;
			productRefGroup = 968595B928E883B300C80C64 /* Products */;
			projectDirPath = "";
			projectRoot = "";
			targets = (
				968595B728E883B300C80C64 /* ModularisationStarter */,
			);
		};
/* End PBXProject section */

/* Begin PBXResourcesBuildPhase section */
		968595B628E883B300C80C64 /* Resources */ = {
			isa = PBXResourcesBuildPhase;
			buildActionMask = 2147483647;
			files = (
				968595C828E883B600C80C64 /* LaunchScreen.storyboard in Resources */,
				968595C528E883B600C80C64 /* Assets.xcassets in Resources */,
				968595C328E883B300C80C64 /* Main.storyboard in Resources */,
			);
			runOnlyForDeploymentPostprocessing = 0;
		};
/* End PBXResourcesBuildPhase section */

/* Begin PBXSourcesBuildPhase section */
		968595B428E883B300C80C64 /* Sources */ = {
			isa = PBXSourcesBuildPhase;
			buildActionMask = 2147483647;
			files = (
				968595D828E88ACB00C80C64 /* Feature2DependencyContainer.swift in Sources */,
				968595D328E888C100C80C64 /* Feature1ViewController.swift in Sources */,
				968595DF28E88CB200C80C64 /* Feature1ServiceImplementation.swift in Sources */,
				968595E328E8930C00C80C64 /* Feature2ServiceImplementation.swift in Sources */,
				968595E728E8949100C80C64 /* Feature2ViewModel.swift in Sources */,
				968595C028E883B300C80C64 /* ViewController.swift in Sources */,
				968595DA28E88B5900C80C64 /* Feature1ViewModel.swift in Sources */,
				968595E128E8930100C80C64 /* Feature2Service.swift in Sources */,
				968595BC28E883B300C80C64 /* AppDelegate.swift in Sources */,
				968595DD28E88BAB00C80C64 /* Feature1Service.swift in Sources */,
				968595E928E8965C00C80C64 /* Feature1Model.swift in Sources */,
				968595F228E9AF9100C80C64 /* Feature2ServiceModel.swift in Sources */,
				968595E528E8948700C80C64 /* Feature2ViewController.swift in Sources */,
				968595D528E88A1300C80C64 /* Feature1DependencyContainer.swift in Sources */,
				968595F028E9AB4900C80C64 /* Feature1ServiceModel.swift in Sources */,
				968595EC28E8983500C80C64 /* Feature2Model.swift in Sources */,
				968595D028E883EB00C80C64 /* AppDependencyContainer.swift in Sources */,
				968595BE28E883B300C80C64 /* SceneDelegate.swift in Sources */,
			);
			runOnlyForDeploymentPostprocessing = 0;
		};
/* End PBXSourcesBuildPhase section */

/* Begin PBXVariantGroup section */
		968595C128E883B300C80C64 /* Main.storyboard */ = {
			isa = PBXVariantGroup;
			children = (
				968595C228E883B300C80C64 /* Base */,
			);
			name = Main.storyboard;
			sourceTree = "<group>";
		};
		968595C628E883B600C80C64 /* LaunchScreen.storyboard */ = {
			isa = PBXVariantGroup;
			children = (
				968595C728E883B600C80C64 /* Base */,
			);
			name = LaunchScreen.storyboard;
			sourceTree = "<group>";
		};
/* End PBXVariantGroup section */

/* Begin XCBuildConfiguration section */
		968595CA28E883B600C80C64 /* Debug */ = {
			isa = XCBuildConfiguration;
			buildSettings = {
				ALWAYS_SEARCH_USER_PATHS = NO;
				CLANG_ANALYZER_NONNULL = YES;
				CLANG_ANALYZER_NUMBER_OBJECT_CONVERSION = YES_AGGRESSIVE;
				CLANG_CXX_LANGUAGE_STANDARD = "gnu++17";
				CLANG_ENABLE_MODULES = YES;
				CLANG_ENABLE_OBJC_ARC = YES;
				CLANG_ENABLE_OBJC_WEAK = YES;
				CLANG_WARN_BLOCK_CAPTURE_AUTORELEASING = YES;
				CLANG_WARN_BOOL_CONVERSION = YES;
				CLANG_WARN_COMMA = YES;
				CLANG_WARN_CONSTANT_CONVERSION = YES;
				CLANG_WARN_DEPRECATED_OBJC_IMPLEMENTATIONS = YES;
				CLANG_WARN_DIRECT_OBJC_ISA_USAGE = YES_ERROR;
				CLANG_WARN_DOCUMENTATION_COMMENTS = YES;
				CLANG_WARN_EMPTY_BODY = YES;
				CLANG_WARN_ENUM_CONVERSION = YES;
				CLANG_WARN_INFINITE_RECURSION = YES;
				CLANG_WARN_INT_CONVERSION = YES;
				CLANG_WARN_NON_LITERAL_NULL_CONVERSION = YES;
				CLANG_WARN_OBJC_IMPLICIT_RETAIN_SELF = YES;
				CLANG_WARN_OBJC_LITERAL_CONVERSION = YES;
				CLANG_WARN_OBJC_ROOT_CLASS = YES_ERROR;
				CLANG_WARN_QUOTED_INCLUDE_IN_FRAMEWORK_HEADER = YES;
				CLANG_WARN_RANGE_LOOP_ANALYSIS = YES;
				CLANG_WARN_STRICT_PROTOTYPES = YES;
				CLANG_WARN_SUSPICIOUS_MOVE = YES;
				CLANG_WARN_UNGUARDED_AVAILABILITY = YES_AGGRESSIVE;
				CLANG_WARN_UNREACHABLE_CODE = YES;
				CLANG_WARN__DUPLICATE_METHOD_MATCH = YES;
				COPY_PHASE_STRIP = NO;
				DEBUG_INFORMATION_FORMAT = dwarf;
				ENABLE_STRICT_OBJC_MSGSEND = YES;
				ENABLE_TESTABILITY = YES;
				GCC_C_LANGUAGE_STANDARD = gnu11;
				GCC_DYNAMIC_NO_PIC = NO;
				GCC_NO_COMMON_BLOCKS = YES;
				GCC_OPTIMIZATION_LEVEL = 0;
				GCC_PREPROCESSOR_DEFINITIONS = (
					"DEBUG=1",
					"$(inherited)",
				);
				GCC_WARN_64_TO_32_BIT_CONVERSION = YES;
				GCC_WARN_ABOUT_RETURN_TYPE = YES_ERROR;
				GCC_WARN_UNDECLARED_SELECTOR = YES;
				GCC_WARN_UNINITIALIZED_AUTOS = YES_AGGRESSIVE;
				GCC_WARN_UNUSED_FUNCTION = YES;
				GCC_WARN_UNUSED_VARIABLE = YES;
				IPHONEOS_DEPLOYMENT_TARGET = 15.5;
				MTL_ENABLE_DEBUG_INFO = INCLUDE_SOURCE;
				MTL_FAST_MATH = YES;
				ONLY_ACTIVE_ARCH = YES;
				SDKROOT = iphoneos;
				SWIFT_ACTIVE_COMPILATION_CONDITIONS = DEBUG;
				SWIFT_OPTIMIZATION_LEVEL = "-Onone";
			};
			name = Debug;
		};
		968595CB28E883B600C80C64 /* Release */ = {
			isa = XCBuildConfiguration;
			buildSettings = {
				ALWAYS_SEARCH_USER_PATHS = NO;
				CLANG_ANALYZER_NONNULL = YES;
				CLANG_ANALYZER_NUMBER_OBJECT_CONVERSION = YES_AGGRESSIVE;
				CLANG_CXX_LANGUAGE_STANDARD = "gnu++17";
				CLANG_ENABLE_MODULES = YES;
				CLANG_ENABLE_OBJC_ARC = YES;
				CLANG_ENABLE_OBJC_WEAK = YES;
				CLANG_WARN_BLOCK_CAPTURE_AUTORELEASING = YES;
				CLANG_WARN_BOOL_CONVERSION = YES;
				CLANG_WARN_COMMA = YES;
				CLANG_WARN_CONSTANT_CONVERSION = YES;
				CLANG_WARN_DEPRECATED_OBJC_IMPLEMENTATIONS = YES;
				CLANG_WARN_DIRECT_OBJC_ISA_USAGE = YES_ERROR;
				CLANG_WARN_DOCUMENTATION_COMMENTS = YES;
				CLANG_WARN_EMPTY_BODY = YES;
				CLANG_WARN_ENUM_CONVERSION = YES;
				CLANG_WARN_INFINITE_RECURSION = YES;
				CLANG_WARN_INT_CONVERSION = YES;
				CLANG_WARN_NON_LITERAL_NULL_CONVERSION = YES;
				CLANG_WARN_OBJC_IMPLICIT_RETAIN_SELF = YES;
				CLANG_WARN_OBJC_LITERAL_CONVERSION = YES;
				CLANG_WARN_OBJC_ROOT_CLASS = YES_ERROR;
				CLANG_WARN_QUOTED_INCLUDE_IN_FRAMEWORK_HEADER = YES;
				CLANG_WARN_RANGE_LOOP_ANALYSIS = YES;
				CLANG_WARN_STRICT_PROTOTYPES = YES;
				CLANG_WARN_SUSPICIOUS_MOVE = YES;
				CLANG_WARN_UNGUARDED_AVAILABILITY = YES_AGGRESSIVE;
				CLANG_WARN_UNREACHABLE_CODE = YES;
				CLANG_WARN__DUPLICATE_METHOD_MATCH = YES;
				COPY_PHASE_STRIP = NO;
				DEBUG_INFORMATION_FORMAT = "dwarf-with-dsym";
				ENABLE_NS_ASSERTIONS = NO;
				ENABLE_STRICT_OBJC_MSGSEND = YES;
				GCC_C_LANGUAGE_STANDARD = gnu11;
				GCC_NO_COMMON_BLOCKS = YES;
				GCC_WARN_64_TO_32_BIT_CONVERSION = YES;
				GCC_WARN_ABOUT_RETURN_TYPE = YES_ERROR;
				GCC_WARN_UNDECLARED_SELECTOR = YES;
				GCC_WARN_UNINITIALIZED_AUTOS = YES_AGGRESSIVE;
				GCC_WARN_UNUSED_FUNCTION = YES;
				GCC_WARN_UNUSED_VARIABLE = YES;
				IPHONEOS_DEPLOYMENT_TARGET = 15.5;
				MTL_ENABLE_DEBUG_INFO = NO;
				MTL_FAST_MATH = YES;
				SDKROOT = iphoneos;
				SWIFT_COMPILATION_MODE = wholemodule;
				SWIFT_OPTIMIZATION_LEVEL = "-O";
				VALIDATE_PRODUCT = YES;
			};
			name = Release;
		};
		968595CD28E883B600C80C64 /* Debug */ = {
			isa = XCBuildConfiguration;
			buildSettings = {
				ASSETCATALOG_COMPILER_APPICON_NAME = AppIcon;
				ASSETCATALOG_COMPILER_GLOBAL_ACCENT_COLOR_NAME = AccentColor;
				CODE_SIGN_STYLE = Automatic;
				CURRENT_PROJECT_VERSION = 1;
				DEVELOPMENT_TEAM = WNX2NHAA3A;
				GENERATE_INFOPLIST_FILE = YES;
				INFOPLIST_FILE = ModularisationStarter/Info.plist;
				INFOPLIST_KEY_UIApplicationSupportsIndirectInputEvents = YES;
				INFOPLIST_KEY_UILaunchStoryboardName = LaunchScreen;
				INFOPLIST_KEY_UIMainStoryboardFile = Main;
				INFOPLIST_KEY_UISupportedInterfaceOrientations_iPad = "UIInterfaceOrientationPortrait UIInterfaceOrientationPortraitUpsideDown UIInterfaceOrientationLandscapeLeft UIInterfaceOrientationLandscapeRight";
				INFOPLIST_KEY_UISupportedInterfaceOrientations_iPhone = "UIInterfaceOrientationPortrait UIInterfaceOrientationLandscapeLeft UIInterfaceOrientationLandscapeRight";
				LD_RUNPATH_SEARCH_PATHS = (
					"$(inherited)",
					"@executable_path/Frameworks",
				);
				MARKETING_VERSION = 1.0;
				PRODUCT_BUNDLE_IDENTIFIER = sashensingh.ModularisationStarter;
				PRODUCT_NAME = "$(TARGET_NAME)";
				SWIFT_EMIT_LOC_STRINGS = YES;
				SWIFT_VERSION = 5.0;
				TARGETED_DEVICE_FAMILY = "1,2";
			};
			name = Debug;
		};
		968595CE28E883B600C80C64 /* Release */ = {
			isa = XCBuildConfiguration;
			buildSettings = {
				ASSETCATALOG_COMPILER_APPICON_NAME = AppIcon;
				ASSETCATALOG_COMPILER_GLOBAL_ACCENT_COLOR_NAME = AccentColor;
				CODE_SIGN_STYLE = Automatic;
				CURRENT_PROJECT_VERSION = 1;
				DEVELOPMENT_TEAM = WNX2NHAA3A;
				GENERATE_INFOPLIST_FILE = YES;
				INFOPLIST_FILE = ModularisationStarter/Info.plist;
				INFOPLIST_KEY_UIApplicationSupportsIndirectInputEvents = YES;
				INFOPLIST_KEY_UILaunchStoryboardName = LaunchScreen;
				INFOPLIST_KEY_UIMainStoryboardFile = Main;
				INFOPLIST_KEY_UISupportedInterfaceOrientations_iPad = "UIInterfaceOrientationPortrait UIInterfaceOrientationPortraitUpsideDown UIInterfaceOrientationLandscapeLeft UIInterfaceOrientationLandscapeRight";
				INFOPLIST_KEY_UISupportedInterfaceOrientations_iPhone = "UIInterfaceOrientationPortrait UIInterfaceOrientationLandscapeLeft UIInterfaceOrientationLandscapeRight";
				LD_RUNPATH_SEARCH_PATHS = (
					"$(inherited)",
					"@executable_path/Frameworks",
				);
				MARKETING_VERSION = 1.0;
				PRODUCT_BUNDLE_IDENTIFIER = sashensingh.ModularisationStarter;
				PRODUCT_NAME = "$(TARGET_NAME)";
				SWIFT_EMIT_LOC_STRINGS = YES;
				SWIFT_VERSION = 5.0;
				TARGETED_DEVICE_FAMILY = "1,2";
			};
			name = Release;
		};
/* End XCBuildConfiguration section */

/* Begin XCConfigurationList section */
		968595B328E883B300C80C64 /* Build configuration list for PBXProject "ModularisationStarter" */ = {
			isa = XCConfigurationList;
			buildConfigurations = (
				968595CA28E883B600C80C64 /* Debug */,
				968595CB28E883B600C80C64 /* Release */,
			);
			defaultConfigurationIsVisible = 0;
			defaultConfigurationName = Release;
		};
		968595CC28E883B600C80C64 /* Build configuration list for PBXNativeTarget "ModularisationStarter" */ = {
			isa = XCConfigurationList;
			buildConfigurations = (
				968595CD28E883B600C80C64 /* Debug */,
				968595CE28E883B600C80C64 /* Release */,
			);
			defaultConfigurationIsVisible = 0;
			defaultConfigurationName = Release;
		};
/* End XCConfigurationList section */
	};
	rootObject = 968595B028E883B300C80C64 /* Project object */;
}
